
Microsoft Visual Studio Solution File, Format Version 12.00
# Visual Studio Version 17
VisualStudioVersion = 17.9.34622.214
MinimumVisualStudioVersion = 10.0.40219.1
Project("{FAE04EC0-301F-11D3-BF4B-00C04F79EFBC}") = "Task1", "Task1\Task1.csproj", "{98B93238-556C-4A29-9190-E174A0CEFD84}"
EndProject
Global
	GlobalSection(SolutionConfigurationPlatforms) = preSolution
		Debug|Any CPU = Debug|Any CPU
		Release|Any CPU = Release|Any CPU
	EndGlobalSection
	GlobalSection(ProjectConfigurationPlatforms) = postSolution
		{98B93238-556C-4A29-9190-E174A0CEFD84}.Debug|Any CPU.ActiveCfg = Debug|Any CPU
		{98B93238-556C-4A29-9190-E174A0CEFD84}.Debug|Any CPU.Build.0 = Debug|Any CPU
		{98B93238-556C-4A29-9190-E174A0CEFD84}.Release|Any CPU.ActiveCfg = Release|Any CPU
		{98B93238-556C-4A29-9190-E174A0CEFD84}.Release|Any CPU.Build.0 = Release|Any CPU
	EndGlobalSection
	GlobalSection(SolutionProperties) = preSolution
		HideSolutionNode = FALSE
	EndGlobalSection
	GlobalSection(ExtensibilityGlobals) = postSolution
		SolutionGuid = {B6126BCA-D4FE-492B-A216-732C91D9772E}
	EndGlobalSection
EndGlobal
