
Microsoft Visual Studio Solution File, Format Version 12.00
# Visual Studio Version 17
VisualStudioVersion = 17.9.34607.119
MinimumVisualStudioVersion = 10.0.40219.1
Project("{FAE04EC0-301F-11D3-BF4B-00C04F79EFBC}") = "LoopFor", "LoopFor\LoopFor.csproj", "{2EDF24E6-E8D8-4038-8E84-E88D96E71E01}"
EndProject
Project("{FAE04EC0-301F-11D3-BF4B-00C04F79EFBC}") = "LoopDoWhile", "LoopDoWhile\LoopDoWhile.csproj", "{3CD9F4B3-4AD1-4391-9687-C59D7A7B20A8}"
EndProject
Project("{FAE04EC0-301F-11D3-BF4B-00C04F79EFBC}") = "LoopWhile", "LoopWhile\LoopWhile.csproj", "{24159275-423C-493E-A5AE-1910DB11C17B}"
EndProject
Global
	GlobalSection(SolutionConfigurationPlatforms) = preSolution
		Debug|Any CPU = Debug|Any CPU
		Release|Any CPU = Release|Any CPU
	EndGlobalSection
	GlobalSection(ProjectConfigurationPlatforms) = postSolution
		{2EDF24E6-E8D8-4038-8E84-E88D96E71E01}.Debug|Any CPU.ActiveCfg = Debug|Any CPU
		{2EDF24E6-E8D8-4038-8E84-E88D96E71E01}.Debug|Any CPU.Build.0 = Debug|Any CPU
		{2EDF24E6-E8D8-4038-8E84-E88D96E71E01}.Release|Any CPU.ActiveCfg = Release|Any CPU
		{2EDF24E6-E8D8-4038-8E84-E88D96E71E01}.Release|Any CPU.Build.0 = Release|Any CPU
		{3CD9F4B3-4AD1-4391-9687-C59D7A7B20A8}.Debug|Any CPU.ActiveCfg = Debug|Any CPU
		{3CD9F4B3-4AD1-4391-9687-C59D7A7B20A8}.Debug|Any CPU.Build.0 = Debug|Any CPU
		{3CD9F4B3-4AD1-4391-9687-C59D7A7B20A8}.Release|Any CPU.ActiveCfg = Release|Any CPU
		{3CD9F4B3-4AD1-4391-9687-C59D7A7B20A8}.Release|Any CPU.Build.0 = Release|Any CPU
		{24159275-423C-493E-A5AE-1910DB11C17B}.Debug|Any CPU.ActiveCfg = Debug|Any CPU
		{24159275-423C-493E-A5AE-1910DB11C17B}.Debug|Any CPU.Build.0 = Debug|Any CPU
		{24159275-423C-493E-A5AE-1910DB11C17B}.Release|Any CPU.ActiveCfg = Release|Any CPU
		{24159275-423C-493E-A5AE-1910DB11C17B}.Release|Any CPU.Build.0 = Release|Any CPU
	EndGlobalSection
	GlobalSection(SolutionProperties) = preSolution
		HideSolutionNode = FALSE
	EndGlobalSection
	GlobalSection(ExtensibilityGlobals) = postSolution
		SolutionGuid = {F062DD10-6A0D-4999-8FBD-8F4BDE53940E}
	EndGlobalSection
EndGlobal
