
Microsoft Visual Studio Solution File, Format Version 12.00
# Visual Studio Version 17
VisualStudioVersion = 17.9.34622.214
MinimumVisualStudioVersion = 10.0.40219.1
Project("{FAE04EC0-301F-11D3-BF4B-00C04F79EFBC}") = "Task1", "Task1\Task1.csproj", "{90CC5478-7B2B-46EA-88E8-467D149F58FB}"
EndProject
Global
	GlobalSection(SolutionConfigurationPlatforms) = preSolution
		Debug|Any CPU = Debug|Any CPU
		Release|Any CPU = Release|Any CPU
	EndGlobalSection
	GlobalSection(ProjectConfigurationPlatforms) = postSolution
		{90CC5478-7B2B-46EA-88E8-467D149F58FB}.Debug|Any CPU.ActiveCfg = Debug|Any CPU
		{90CC5478-7B2B-46EA-88E8-467D149F58FB}.Debug|Any CPU.Build.0 = Debug|Any CPU
		{90CC5478-7B2B-46EA-88E8-467D149F58FB}.Release|Any CPU.ActiveCfg = Release|Any CPU
		{90CC5478-7B2B-46EA-88E8-467D149F58FB}.Release|Any CPU.Build.0 = Release|Any CPU
	EndGlobalSection
	GlobalSection(SolutionProperties) = preSolution
		HideSolutionNode = FALSE
	EndGlobalSection
	GlobalSection(ExtensibilityGlobals) = postSolution
		SolutionGuid = {560E4B7B-AC0B-47AC-AF86-13E0734561E7}
	EndGlobalSection
EndGlobal
