
Microsoft Visual Studio Solution File, Format Version 12.00
# Visual Studio Version 17
VisualStudioVersion = 17.9.34622.214
MinimumVisualStudioVersion = 10.0.40219.1
Project("{FAE04EC0-301F-11D3-BF4B-00C04F79EFBC}") = "Task1", "Task1\Task1.csproj", "{740F99BD-060F-483E-9E0A-B06B71FB6993}"
EndProject
Global
	GlobalSection(SolutionConfigurationPlatforms) = preSolution
		Debug|Any CPU = Debug|Any CPU
		Release|Any CPU = Release|Any CPU
	EndGlobalSection
	GlobalSection(ProjectConfigurationPlatforms) = postSolution
		{740F99BD-060F-483E-9E0A-B06B71FB6993}.Debug|Any CPU.ActiveCfg = Debug|Any CPU
		{740F99BD-060F-483E-9E0A-B06B71FB6993}.Debug|Any CPU.Build.0 = Debug|Any CPU
		{740F99BD-060F-483E-9E0A-B06B71FB6993}.Release|Any CPU.ActiveCfg = Release|Any CPU
		{740F99BD-060F-483E-9E0A-B06B71FB6993}.Release|Any CPU.Build.0 = Release|Any CPU
	EndGlobalSection
	GlobalSection(SolutionProperties) = preSolution
		HideSolutionNode = FALSE
	EndGlobalSection
	GlobalSection(ExtensibilityGlobals) = postSolution
		SolutionGuid = {EFAD1D23-F344-4BC3-A5D2-035A6AD0DF38}
	EndGlobalSection
EndGlobal
